# This file is autogenerated, do not edit; changes may be undone by the next 'dep ensure'.


[[projects]]
  digest = "1:ba5a5e42349c0bac9928dd22aba0626cb6d63c0f9c15a067556ed4e93c7fd4ad"
  name = "cloud.google.com/go"
  packages = [
    "compute/metadata",
    "datastore",
    "iam",
    "internal",
    "internal/fields",
    "internal/optional",
    "internal/trace",
    "internal/version",
    "storage",
  ]
  pruneopts = "UT"
  revision = "74b12019e2aa53ec27882158f59192d7cd6d1998"
  version = "v0.33.1"

[[projects]]
  digest = "1:f9e1bd36b75a542fe57d9f43ae83829c8142a169d8875e7618bf57f7e0fb61d3"
  name = "github.com/acoshift/configfile"
  packages = [
    ".",
    "internal/reader",
  ]
  pruneopts = "UT"
  revision = "9f378a548974a8abc39ca9efdc5eca5aa52cb372"
  version = "v1.3.0"

[[projects]]
  digest = "1:71d31c05608e759031584fff99cc335ae4df74a9360bf2fb3d361cfe3c8627f0"
  name = "github.com/acoshift/csrf"
  packages = ["."]
  pruneopts = "UT"
  revision = "b03f61554c89420671e0785584d284f366ccd275"
  version = "v0.1.0"

[[projects]]
  branch = "master"
  digest = "1:838870a7735941eb9d0809567c012f71c6257e1bd7c0e1d291cd664be316a2d9"
  name = "github.com/acoshift/header"
  packages = ["."]
  pruneopts = "UT"
  revision = "5f10ae681f7e85877334bad11fd4d094f3aab6f9"

[[projects]]
  digest = "1:dd793715dbcbaacd61576dafcdf7382522b0f33d5bdbe490cb500ca81a3bce94"
  name = "github.com/acoshift/httprouter"
  packages = ["."]
  pruneopts = "UT"
  revision = "98dda7412f4aee08d0b075996e9eabe265a7cd8d"
  version = "v2.2.1"

[[projects]]
  digest = "1:ae4ed68db5a68ad9b402e34582183678e808bf4c842478548aa3781d64026fda"
  name = "github.com/acoshift/middleware"
  packages = ["."]
  pruneopts = "UT"
  revision = "3d1c5b32733f1f2cd435fa8fb448c301855f272e"
  version = "v0.4.1"

[[projects]]
  digest = "1:bcdafbb21a9eab51dcdb6639828d3dc6b7d7bbcdde112b3171a668b2a0c0ef67"
  name = "github.com/acoshift/pgsql"
  packages = ["."]
  pruneopts = "UT"
  revision = "1e25e43744eac901fd77f2a1303154af44d3c22b"
  version = "v0.2.7"

[[projects]]
  branch = "master"
  digest = "1:6b77bb930973d1528ad423167a400ded047b17db112f78c2f6a0bc6209a9f2ef"
  name = "github.com/acoshift/probehandler"
  packages = ["."]
  pruneopts = "UT"
  revision = "3b189a71087b4558758b13d652777326fd1c2c63"

[[projects]]
  digest = "1:0bcf9d4f07004dc3c5931c71a5c88acf8bc3e9b130938b343f015d717cb00586"
  name = "github.com/acoshift/webstatic"
  packages = ["."]
  pruneopts = "UT"
  revision = "3c215684dd1f8d6141f2b04ac71b1a080dc27c60"
  version = "v2.1.1"

[[projects]]
  digest = "1:34a9a60fade37f8009ed4a19e02924198aba3eabfcc120ee5c6002b7de17212d"
  name = "github.com/go-redis/redis"
  packages = [
    ".",
    "internal",
    "internal/consistenthash",
    "internal/hashtag",
    "internal/pool",
    "internal/proto",
    "internal/singleflight",
    "internal/util",
  ]
  pruneopts = "UT"
  revision = "b3d9bf10f6666b2ee5100a6f3f84f4caf3b4e37d"
  version = "v6.14.2"

[[projects]]
  digest = "1:c6892ebe33775a89a6da197bafd468682bb8350b4ae235aed42fa531d3a9f3ca"
  name = "github.com/golang/protobuf"
  packages = [
    "proto",
    "protoc-gen-go/descriptor",
    "ptypes",
    "ptypes/any",
    "ptypes/duration",
    "ptypes/struct",
    "ptypes/timestamp",
    "ptypes/wrappers",
  ]
  pruneopts = "UT"
  revision = "aa810b61a9c79d51363740d207bb46cf8e620ed5"
  version = "v1.2.0"

[[projects]]
  digest = "1:acc27c8f27da9682e170d84713e12951fca77331ff7bf217b05f914d975b5a95"
  name = "github.com/google/brotli"
  packages = ["go/cbrotli"]
  pruneopts = "UT"
  revision = "d6d98957ca8ccb1ef45922e978bb10efca0ea541"
  version = "v1.0.7"

[[projects]]
  digest = "1:236d7e1bdb50d8f68559af37dbcf9d142d56b431c9b2176d41e2a009b664cda8"
  name = "github.com/google/uuid"
  packages = ["."]
  pruneopts = "UT"
  revision = "9b3b1e0f5f99ae461456d768e7d301a7acdaa2d8"
  version = "v1.1.0"

[[projects]]
  digest = "1:e04cc716992a302cacf6d726409a05aa9546241998b24356d6dd0f01bc5a374e"
  name = "github.com/googleapis/gax-go"
  packages = ["."]
  pruneopts = "UT"
  revision = "b001040cd31805261cbd978842099e326dfa857b"
  version = "v2.0.2"

[[projects]]
  digest = "1:eb8e331384779e87648f6dd6551e5d7f72fb48ff5372193f7ecbd75d8675c4a0"
  name = "github.com/kavu/go_reuseport"
  packages = ["."]
  pruneopts = "UT"
  revision = "ffa96de2479e10ecd06aca8069bf9c55a86701b5"
  version = "v1.4.0"

[[projects]]
  digest = "1:8ef506fc2bb9ced9b151dafa592d4046063d744c646c1bbe801982ce87e4bc24"
  name = "github.com/lib/pq"
  packages = [
    ".",
    "oid",
  ]
  pruneopts = "UT"
  revision = "4ded0e9383f75c197b3a2aaa6d590ac52df6fd79"
  version = "v1.0.0"

[[projects]]
  digest = "1:76149570f714d47ba09857952483f62feddf9122b1bac1379fef54b71dc7527e"
  name = "github.com/moonrhythm/hime"
  packages = ["."]
  pruneopts = "UT"
  revision = "aba365704fc49965931e7904770f43579d3a4c9b"
  version = "v0.11.0"

[[projects]]
  digest = "1:b5e2532d4ec806efa326d7877d89a1aa98c9ae5a43ffb9a0001af05bf8e5bcef"
  name = "github.com/moonrhythm/session"
  packages = [
    ".",
    "store/goredis",
  ]
  pruneopts = "UT"
  revision = "b854bad9efa8abfa85c7fcd4d57b023b7abda969"
  version = "v0.13.0"

[[projects]]
  branch = "master"
  digest = "1:34534b73e925d20cc72cf202f8b482fdcbe3a1b113e19375f31aadabd0f0f97d"
  name = "github.com/nfnt/resize"
  packages = ["."]
  pruneopts = "UT"
  revision = "83c6a9932646f83e3267f353373d47347b6036b2"

[[projects]]
  digest = "1:103026dacef776cc9573b869de63f3c71d00055d2a8958838be1a5a0caf822a6"
  name = "github.com/tdewolff/minify"
  packages = [
    ".",
    "css",
    "html",
    "js",
  ]
  pruneopts = "UT"
  revision = "c86dd764169e70ab04e3b0d5fd5e478657a6c83d"
  version = "v2.3.6"

[[projects]]
  digest = "1:b56ffa2e2efb68faadf4c4fa98cc31fed9c1a506f7db86060cbeea5bfee0a44b"
  name = "github.com/tdewolff/parse"
  packages = [
    ".",
    "buffer",
    "css",
    "html",
    "js",
    "strconv",
  ]
  pruneopts = "UT"
  revision = "1b0354dccc7aceb4528eb638fbfec60d20338a29"
  version = "v2.3.4"

[[projects]]
  digest = "1:381ccafa5e013a0e3f9b54604ae522a73b9533a375a6a714b483c634d5e927ab"
  name = "go.opencensus.io"
  packages = [
    ".",
    "exemplar",
    "internal",
    "internal/tagencoding",
    "plugin/ocgrpc",
    "plugin/ochttp",
    "plugin/ochttp/propagation/b3",
    "stats",
    "stats/internal",
    "stats/view",
    "tag",
    "trace",
    "trace/internal",
    "trace/propagation",
    "trace/tracestate",
  ]
  pruneopts = "UT"
  revision = "b7bf3cdb64150a8c8c53b769fdeb2ba581bd4d4b"
  version = "v0.18.0"

[[projects]]
  branch = "master"
  digest = "1:5ad570851feb57bcc5c147ee81a54cdd023a8c66a5c716d57faed25a7b6c1dff"
  name = "golang.org/x/net"
  packages = [
    "context",
    "context/ctxhttp",
    "http/httpguts",
    "http2",
    "http2/hpack",
    "idna",
    "internal/timeseries",
    "trace",
  ]
  pruneopts = "UT"
  revision = "adae6a3d119ae4890b46832a2e88a95adc62b8e7"

[[projects]]
  branch = "master"
  digest = "1:97ff38e6a31f2c2e990c3fdd1d50b24f79cb997b2fa48f2a238045bb8bde2a45"
  name = "golang.org/x/oauth2"
  packages = [
    ".",
    "facebook",
    "google",
    "internal",
    "jws",
    "jwt",
  ]
  pruneopts = "UT"
  revision = "8f65e3013ebad444f13bc19536f7865efc793816"

[[projects]]
  branch = "master"
  digest = "1:b521f10a2d8fa85c04a8ef4e62f2d1e14d303599a55d64dabf9f5a02f84d35eb"
  name = "golang.org/x/sync"
  packages = ["errgroup"]
  pruneopts = "UT"
  revision = "42b317875d0fa942474b76e1b46a6060d720ae6e"

[[projects]]
  branch = "master"
  digest = "1:225564f71149334315118db714e1ea87513e4a11cf4acb27e26bc7577cebfa0b"
  name = "golang.org/x/sys"
  packages = ["unix"]
  pruneopts = "UT"
  revision = "62eef0e2fa9b2c385f7b2778e763486da6880d37"

[[projects]]
  digest = "1:a2ab62866c75542dd18d2b069fec854577a20211d7c0ea6ae746072a1dccdd18"
  name = "golang.org/x/text"
  packages = [
    "collate",
    "collate/build",
    "internal/colltab",
    "internal/gen",
    "internal/tag",
    "internal/triegen",
    "internal/ucd",
    "language",
    "secure/bidirule",
    "transform",
    "unicode/bidi",
    "unicode/cldr",
    "unicode/norm",
    "unicode/rangetable",
  ]
  pruneopts = "UT"
  revision = "f21a4dfb5e38f5895301dc265a8def02365cc3d0"
  version = "v0.3.0"

[[projects]]
  branch = "master"
  digest = "1:821c3dd8e16efe376eb830514fd08ac50775dbdaa88fb5dd3150d8245dc2f02e"
  name = "google.golang.org/api"
  packages = [
    "gensupport",
    "googleapi",
    "googleapi/internal/uritemplates",
    "googleapi/transport",
    "internal",
    "iterator",
    "option",
    "storage/v1",
    "transport/grpc",
    "transport/http",
    "transport/http/internal/propagation",
  ]
  pruneopts = "UT"
  revision = "faade3cbb06a30202f2da53a8a5e3c4afe60b0c2"

[[projects]]
  digest = "1:b13819327be647014031c6a194299da87ca35313bfc01fdc1da7bd3ddf08cbce"
  name = "google.golang.org/appengine"
  packages = [
    ".",
    "internal",
    "internal/app_identity",
    "internal/base",
    "internal/datastore",
    "internal/log",
    "internal/modules",
    "internal/remote_api",
    "internal/socket",
    "internal/urlfetch",
    "socket",
    "urlfetch",
  ]
  pruneopts = "UT"
  revision = "4a4468ece617fc8205e99368fa2200e9d1fad421"
  version = "v1.3.0"

[[projects]]
  branch = "master"
  digest = "1:6a72799a4d7fdbe6f1e34a09e0df8549fce67eadeee5379e8d8a01502449c996"
  name = "google.golang.org/genproto"
  packages = [
    "googleapis/api/annotations",
    "googleapis/datastore/v1",
    "googleapis/iam/v1",
    "googleapis/rpc/code",
    "googleapis/rpc/status",
    "googleapis/type/latlng",
  ]
  pruneopts = "UT"
  revision = "b5d43981345bdb2c233eb4bf3277847b48c6fdc6"

[[projects]]
  digest = "1:1ac2802a1ffa70fe39243e22aab53dd3386396fc98de2417ff744d87b079e78c"
  name = "google.golang.org/grpc"
  packages = [
    ".",
    "balancer",
    "balancer/base",
    "balancer/roundrobin",
    "codes",
    "connectivity",
    "credentials",
    "credentials/oauth",
    "encoding",
    "encoding/proto",
    "grpclog",
    "internal",
    "internal/backoff",
    "internal/channelz",
    "internal/envconfig",
    "internal/grpcrand",
    "internal/transport",
    "keepalive",
    "metadata",
    "naming",
    "peer",
    "resolver",
    "resolver/dns",
    "resolver/passthrough",
    "stats",
    "status",
    "tap",
  ]
  pruneopts = "UT"
  revision = "2e463a05d100327ca47ac218281906921038fd95"
  version = "v1.16.0"

[[projects]]
  digest = "1:342378ac4dcb378a5448dd723f0784ae519383532f5e70ade24132c4c8693202"
  name = "gopkg.in/yaml.v2"
  packages = ["."]
  pruneopts = "UT"
  revision = "5420a8b6744d3b0345ab293f6fcba19c978f1183"
  version = "v2.2.1"

[solve-meta]
  analyzer-name = "dep"
  analyzer-version = 1
  input-imports = [
    "cloud.google.com/go/datastore",
    "cloud.google.com/go/storage",
    "github.com/acoshift/configfile",
    "github.com/acoshift/csrf",
    "github.com/acoshift/header",
    "github.com/acoshift/httprouter",
    "github.com/acoshift/middleware",
    "github.com/acoshift/pgsql",
    "github.com/acoshift/probehandler",
    "github.com/acoshift/webstatic",
    "github.com/go-redis/redis",
    "github.com/google/uuid",
    "github.com/lib/pq",
    "github.com/moonrhythm/hime",
    "github.com/moonrhythm/session",
    "github.com/moonrhythm/session/store/goredis",
    "github.com/nfnt/resize",
    "golang.org/x/oauth2",
    "golang.org/x/oauth2/facebook",
    "golang.org/x/oauth2/google",
    "google.golang.org/api/option",
  ]
  solver-name = "gps-cdcl"
  solver-version = 1
